{
  "version": 4,
  "terraform_version": "1.5.7",
  "serial": 24,
  "lineage": "a96f45db-c670-b3a5-cbc8-76ad84ee1f51",
  "outputs": {},
  "resources": [
    {
      "mode": "managed",
      "type": "docker_container",
      "name": "nginx_container",
      "provider": "provider[\"registry.terraform.io/kreuzwerker/docker\"]",
      "instances": []
    },
    {
      "mode": "managed",
      "type": "docker_container",
      "name": "php_container",
      "provider": "provider[\"registry.terraform.io/kreuzwerker/docker\"]",
      "instances": []
    },
    {
      "mode": "managed",
      "type": "docker_image",
      "name": "nginx_image",
      "provider": "provider[\"registry.terraform.io/kreuzwerker/docker\"]",
      "instances": [
        {
          "schema_version": 0,
          "attributes": {
            "build": [],
            "force_remove": null,
            "id": "sha256:4b196525bd3cc6aa7a72ba63c6c2ae6d957b57edd603a7070c5e31f8e63c51f9nginx:latest",
            "image_id": "sha256:4b196525bd3cc6aa7a72ba63c6c2ae6d957b57edd603a7070c5e31f8e63c51f9",
            "keep_locally": false,
            "latest": "sha256:4b196525bd3cc6aa7a72ba63c6c2ae6d957b57edd603a7070c5e31f8e63c51f9",
            "name": "nginx:latest",
            "output": null,
            "platform": null,
            "pull_trigger": null,
            "pull_triggers": null,
            "repo_digest": "nginx@sha256:28402db69fec7c17e179ea87882667f1e054391138f77ffaf0c3eb388efc3ffb",
            "triggers": null
          },
          "sensitive_attributes": [],
          "private": "bnVsbA=="
        }
      ]
    },
    {
      "mode": "managed",
      "type": "docker_image",
      "name": "php_image",
      "provider": "provider[\"registry.terraform.io/kreuzwerker/docker\"]",
      "instances": [
        {
          "schema_version": 0,
          "attributes": {
            "build": [],
            "force_remove": null,
            "id": "sha256:e394249fb5944f8cc291395a79b08f2454149adba678e782e66a5e4abeb0cc38php:7.4-fpm",
            "image_id": "sha256:e394249fb5944f8cc291395a79b08f2454149adba678e782e66a5e4abeb0cc38",
            "keep_locally": false,
            "latest": "sha256:e394249fb5944f8cc291395a79b08f2454149adba678e782e66a5e4abeb0cc38",
            "name": "php:7.4-fpm",
            "output": null,
            "platform": null,
            "pull_trigger": null,
            "pull_triggers": null,
            "repo_digest": "php@sha256:3ac7c8c74b2b047c7cb273469d74fc0d59b857aa44043e6ea6a0084372811d5b",
            "triggers": null
          },
          "sensitive_attributes": [],
          "private": "bnVsbA=="
        }
      ]
    }
  ],
  "check_results": null
}
